
Microsoft Visual Studio Solution File, Format Version 12.00
# Visual Studio 15
VisualStudioVersion = 15.0.26730.12
MinimumVisualStudioVersion = 10.0.40219.1
Project("{FAE04EC0-301F-11D3-BF4B-00C04F79EFBC}") = "JankyWizModule1Review", "JankyWizModule1Review\JankyWizModule1Review.csproj", "{6BDC85DF-F5C5-41FA-8A39-28E11A5FDB99}"
EndProject
Global
	GlobalSection(SolutionConfigurationPlatforms) = preSolution
		Debug|Any CPU = Debug|Any CPU
		Release|Any CPU = Release|Any CPU
	EndGlobalSection
	GlobalSection(ProjectConfigurationPlatforms) = postSolution
		{6BDC85DF-F5C5-41FA-8A39-28E11A5FDB99}.Debug|Any CPU.ActiveCfg = Debug|Any CPU
		{6BDC85DF-F5C5-41FA-8A39-28E11A5FDB99}.Debug|Any CPU.Build.0 = Debug|Any CPU
		{6BDC85DF-F5C5-41FA-8A39-28E11A5FDB99}.Release|Any CPU.ActiveCfg = Release|Any CPU
		{6BDC85DF-F5C5-41FA-8A39-28E11A5FDB99}.Release|Any CPU.Build.0 = Release|Any CPU
	EndGlobalSection
	GlobalSection(SolutionProperties) = preSolution
		HideSolutionNode = FALSE
	EndGlobalSection
	GlobalSection(ExtensibilityGlobals) = postSolution
		SolutionGuid = {C1ED8936-37DD-46E9-B723-42DBDC9B93E0}
	EndGlobalSection
EndGlobal
